
Microsoft Visual Studio Solution File, Format Version 10.00
# Visual Studio 2008
Project("{FAE04EC0-301F-11D3-BF4B-00C04F79EFBC}") = "ImageCrawler", "ImageCrawler\ImageCrawler.csproj", "{FC8B58A9-FB29-4329-9C5C-2303E516B132}"
EndProject
Global
	GlobalSection(SolutionConfigurationPlatforms) = preSolution
		Debug|Any CPU = Debug|Any CPU
		Release|Any CPU = Release|Any CPU
	EndGlobalSection
	GlobalSection(ProjectConfigurationPlatforms) = postSolution
		{FC8B58A9-FB29-4329-9C5C-2303E516B132}.Debug|Any CPU.ActiveCfg = Debug|Any CPU
		{FC8B58A9-FB29-4329-9C5C-2303E516B132}.Debug|Any CPU.Build.0 = Debug|Any CPU
		{FC8B58A9-FB29-4329-9C5C-2303E516B132}.Release|Any CPU.ActiveCfg = Release|Any CPU
		{FC8B58A9-FB29-4329-9C5C-2303E516B132}.Release|Any CPU.Build.0 = Release|Any CPU
	EndGlobalSection
	GlobalSection(SolutionProperties) = preSolution
		HideSolutionNode = FALSE
	EndGlobalSection
EndGlobal
